{
  "name": "wk",
  "lockfileVersion": 3,
  "requires": true,
  "packages": {
    "": {
      "dependencies": {
        "@attalliayoub/fs-access": "npm:@jsr/attalliayoub__fs-access@^0.1.0",
        "@oak/commons": "npm:@jsr/oak__commons@^1.0.1",
        "@oak/oak": "npm:@jsr/oak__oak@^17.1.4",
        "mysql2": "^2.3.3"
      }
    },
    "node_modules/@attalliayoub/fs-access": {
      "name": "@jsr/attalliayoub__fs-access",
      "version": "0.1.0",
      "resolved": "https://npm.jsr.io/~/11/@jsr/attalliayoub__fs-access/0.1.0.tgz",
      "integrity": "sha512-jaz8bKp2AIQ69zI2KvogYPr8gOE74EBixQmxC3rr8hB2fgFCQur4edUZH5w8p7mCo3o+5Q+vvmM7DWJAqNYuuQ=="
    },
    "node_modules/@jsr/oak__commons": {
      "version": "1.0.1",
      "resolved": "https://npm.jsr.io/~/11/@jsr/oak__commons/1.0.1.tgz",
      "integrity": "sha512-7JLQGtpelZgiPiSPLLUOut/7cHwaHSgIWFcGbJSaBPnEuZdBc8JY++sQ8HzLmDO8QSU1Oqo2IQbAhDt79ghbCw==",
      "dependencies": {
        "@jsr/std__assert": "^1.0",
        "@jsr/std__bytes": "^1.0",
        "@jsr/std__crypto": "^1.0",
        "@jsr/std__encoding": "^1.0",
        "@jsr/std__http": "^1.0",
        "@jsr/std__media-types": "^1.0"
      }
    },
    "node_modules/@jsr/std__assert": {
      "version": "1.0.13",
      "resolved": "https://npm.jsr.io/~/11/@jsr/std__assert/1.0.13.tgz",
      "integrity": "sha512-rZ44REoi2/p+gqu8OfkcNeaTOSiG1kD6v8gyA0YjkXsOkDsiGw9g8h7JuGC/OD7GgOVgTEY+9Cih49Y18rkrCQ==",
      "dependencies": {
        "@jsr/std__internal": "^1.0.6"
      }
    },
    "node_modules/@jsr/std__bytes": {
      "version": "1.0.6",
      "resolved": "https://npm.jsr.io/~/11/@jsr/std__bytes/1.0.6.tgz",
      "integrity": "sha512-St6yKggjFGhxS52IFLJWvkchRFbAKg2Xh8UxA4S1EGz7GJ2Ui+ssDDldj/w2c8vCxvl6qgR0HaYbKeFJNqujmA=="
    },
    "node_modules/@jsr/std__cli": {
      "version": "1.0.20",
      "resolved": "https://npm.jsr.io/~/11/@jsr/std__cli/1.0.20.tgz",
      "integrity": "sha512-lwO3G7PowHpOPD4U1KHpHnCrTtzyj9jj5SX9xICNXySx0fYNgKab2cdrEDrTEHNoHfGCGBVYKOmpCS4LrX1SxA=="
    },
    "node_modules/@jsr/std__crypto": {
      "version": "1.0.5",
      "resolved": "https://npm.jsr.io/~/11/@jsr/std__crypto/1.0.5.tgz",
      "integrity": "sha512-iqFCkjeGeQccLgmxH9m1d7abjZcFMW0XrYZu1itNz8vVHzH9crObalonjVQaVDdKHCrNNOklMN1t0u3k46dirA=="
    },
    "node_modules/@jsr/std__encoding": {
      "version": "1.0.10",
      "resolved": "https://npm.jsr.io/~/11/@jsr/std__encoding/1.0.10.tgz",
      "integrity": "sha512-WK2njnDTyKefroRNk2Ooq7GStp6Y0ccAvr4To+Z/zecRAGe7+OSvH9DbiaHpAKwEi2KQbmpWMOYsdNt+TsdmSw=="
    },
    "node_modules/@jsr/std__fmt": {
      "version": "1.0.8",
      "resolved": "https://npm.jsr.io/~/11/@jsr/std__fmt/1.0.8.tgz",
      "integrity": "sha512-miZHzj9OgjuajrcMKzpqNVwFb9O71UHZzV/FHVq0E0Uwmv/1JqXgmXAoBNPrn+MP0fHT3mMgaZ6XvQO7dam67Q=="
    },
    "node_modules/@jsr/std__fs": {
      "version": "1.0.19",
      "resolved": "https://npm.jsr.io/~/11/@jsr/std__fs/1.0.19.tgz",
      "integrity": "sha512-TEjyE8g+46jPlu7dJHLrwc8NMGl8zfG+JjWxyNQyDbxP0RtqZ4JmYZfR9vy4RWYWJQbLpw6Kbt2n+K/2zAO/JA==",
      "dependencies": {
        "@jsr/std__internal": "^1.0.9",
        "@jsr/std__path": "^1.1.1"
      }
    },
    "node_modules/@jsr/std__html": {
      "version": "1.0.4",
      "resolved": "https://npm.jsr.io/~/11/@jsr/std__html/1.0.4.tgz",
      "integrity": "sha512-aSwoT4KN/DujGKauiU7b1oEWLeJrBbHtCiRpjd3eNrpCzBlTL5q/8jZvUpgiHNCLi9CELTfxoCowpFM1skuNSQ=="
    },
    "node_modules/@jsr/std__http": {
      "version": "1.0.18",
      "resolved": "https://npm.jsr.io/~/11/@jsr/std__http/1.0.18.tgz",
      "integrity": "sha512-BPFP8qNiy2u6ktoKg78iKVm1SJmq5N07wXcZgpNBEUoLtT8oaunX2Up+GAanldzNVh6xoUk9EIVHq+IvMXLa1w==",
      "dependencies": {
        "@jsr/std__cli": "^1.0.20",
        "@jsr/std__encoding": "^1.0.10",
        "@jsr/std__fmt": "^1.0.8",
        "@jsr/std__fs": "^1.0.18",
        "@jsr/std__html": "^1.0.4",
        "@jsr/std__media-types": "^1.1.0",
        "@jsr/std__net": "^1.0.4",
        "@jsr/std__path": "^1.1.0",
        "@jsr/std__streams": "^1.0.10"
      }
    },
    "node_modules/@jsr/std__internal": {
      "version": "1.0.9",
      "resolved": "https://npm.jsr.io/~/11/@jsr/std__internal/1.0.9.tgz",
      "integrity": "sha512-s+f4qrJzZgPAy7XuFOtgaSaxyPLnnEmAfXGLvRXGxPTL76URLVHkF+hOzqXz+bmk8/awybF6BRsasxtAQOV23Q=="
    },
    "node_modules/@jsr/std__media-types": {
      "version": "1.1.0",
      "resolved": "https://npm.jsr.io/~/11/@jsr/std__media-types/1.1.0.tgz",
      "integrity": "sha512-dHvaxHL7ENWnltgL653uo3KnKFse3ZbopZop2gqsT7yrscx7irZEClu5Cba7gMPPRk4Lg1FbriNcaBViM2RSBw=="
    },
    "node_modules/@jsr/std__net": {
      "version": "1.0.4",
      "resolved": "https://npm.jsr.io/~/11/@jsr/std__net/1.0.4.tgz",
      "integrity": "sha512-KJGU8ZpQ70sMW2Zk+wU3wFUkggS9lTLfRFBygnV9VaK8KI+1ggiqtB06rH4a14CNRGM9y46Mn/ZCbQUd4Q45Jg=="
    },
    "node_modules/@jsr/std__path": {
      "version": "1.1.1",
      "resolved": "https://npm.jsr.io/~/11/@jsr/std__path/1.1.1.tgz",
      "integrity": "sha512-+x5LgcNUSpMzOZIRmFSjqrMTCxHlgXjWzK8ZFr7lwgHfWZxoVXeis3MFQlkR5mN5uQ61Y1P30Li1PU0yx9uluA==",
      "dependencies": {
        "@jsr/std__internal": "^1.0.9"
      }
    },
    "node_modules/@jsr/std__streams": {
      "version": "1.0.10",
      "resolved": "https://npm.jsr.io/~/11/@jsr/std__streams/1.0.10.tgz",
      "integrity": "sha512-10v3cTUl6uREV1TMek5yvE2tFLmMjJIDW4uRlUhYhbkQSaKjd5SIf8lSWhgRgvDTmQM0gtcbt7X6+KrauyRsoA==",
      "dependencies": {
        "@jsr/std__bytes": "^1.0.6"
      }
    },
    "node_modules/@oak/commons": {
      "name": "@jsr/oak__commons",
      "version": "1.0.1",
      "resolved": "https://npm.jsr.io/~/11/@jsr/oak__commons/1.0.1.tgz",
      "integrity": "sha512-7JLQGtpelZgiPiSPLLUOut/7cHwaHSgIWFcGbJSaBPnEuZdBc8JY++sQ8HzLmDO8QSU1Oqo2IQbAhDt79ghbCw==",
      "dependencies": {
        "@jsr/std__assert": "^1.0",
        "@jsr/std__bytes": "^1.0",
        "@jsr/std__crypto": "^1.0",
        "@jsr/std__encoding": "^1.0",
        "@jsr/std__http": "^1.0",
        "@jsr/std__media-types": "^1.0"
      }
    },
    "node_modules/@oak/oak": {
      "name": "@jsr/oak__oak",
      "version": "17.1.4",
      "resolved": "https://npm.jsr.io/~/11/@jsr/oak__oak/17.1.4.tgz",
      "integrity": "sha512-dXBkD6jsduEbOFrxzRfG/hf7UUGTBnvy17rvVnmZ3YM6zw6NvTx3vKduHpt3mf9EKSCtXxBWWhb10Nv3V3pRfA==",
      "dependencies": {
        "@jsr/oak__commons": "^1.0",
        "@jsr/std__assert": "^1.0",
        "@jsr/std__bytes": "^1.0",
        "@jsr/std__http": "^1.0",
        "@jsr/std__media-types": "^1.0",
        "@jsr/std__path": "^1.0",
        "path-to-regexp": "^6.3.0"
      }
    },
    "node_modules/denque": {
      "version": "2.1.0",
      "resolved": "https://registry.npmjs.org/denque/-/denque-2.1.0.tgz",
      "integrity": "sha512-HVQE3AAb/pxF8fQAoiqpvg9i3evqug3hoiwakOyZAwJm+6vZehbkYXZ0l4JxS+I3QxM97v5aaRNhj8v5oBhekw==",
      "engines": {
        "node": ">=0.10"
      }
    },
    "node_modules/generate-function": {
      "version": "2.3.1",
      "resolved": "https://registry.npmjs.org/generate-function/-/generate-function-2.3.1.tgz",
      "integrity": "sha512-eeB5GfMNeevm/GRYq20ShmsaGcmI81kIX2K9XQx5miC8KdHaC6Jm0qQ8ZNeGOi7wYB8OsdxKs+Y2oVuTFuVwKQ==",
      "dependencies": {
        "is-property": "^1.0.2"
      }
    },
    "node_modules/iconv-lite": {
      "version": "0.6.3",
      "resolved": "https://registry.npmjs.org/iconv-lite/-/iconv-lite-0.6.3.tgz",
      "integrity": "sha512-4fCk79wshMdzMp2rH06qWrJE4iolqLhCUH+OiuIgU++RB0+94NlDL81atO7GX55uUKueo0txHNtvEyI6D7WdMw==",
      "dependencies": {
        "safer-buffer": ">= 2.1.2 < 3.0.0"
      },
      "engines": {
        "node": ">=0.10.0"
      }
    },
    "node_modules/is-property": {
      "version": "1.0.2",
      "resolved": "https://registry.npmjs.org/is-property/-/is-property-1.0.2.tgz",
      "integrity": "sha512-Ks/IoX00TtClbGQr4TWXemAnktAQvYB7HzcCxDGqEZU6oCmb2INHuOoKxbtR+HFkmYWBKv/dOZtGRiAjDhj92g=="
    },
    "node_modules/long": {
      "version": "4.0.0",
      "resolved": "https://registry.npmjs.org/long/-/long-4.0.0.tgz",
      "integrity": "sha512-XsP+KhQif4bjX1kbuSiySJFNAehNxgLb6hPRGJ9QsUr8ajHkuXGdrHmFUTUUXhDwVX2R5bY4JNZEwbUiMhV+MA=="
    },
    "node_modules/lru-cache": {
      "version": "6.0.0",
      "resolved": "https://registry.npmjs.org/lru-cache/-/lru-cache-6.0.0.tgz",
      "integrity": "sha512-Jo6dJ04CmSjuznwJSS3pUeWmd/H0ffTlkXXgwZi+eq1UCmqQwCh+eLsYOYCwY991i2Fah4h1BEMCx4qThGbsiA==",
      "dependencies": {
        "yallist": "^4.0.0"
      },
      "engines": {
        "node": ">=10"
      }
    },
    "node_modules/mysql2": {
      "version": "2.3.3",
      "resolved": "https://registry.npmjs.org/mysql2/-/mysql2-2.3.3.tgz",
      "integrity": "sha512-wxJUev6LgMSgACDkb/InIFxDprRa6T95+VEoR+xPvtngtccNH2dGjEB/fVZ8yg1gWv1510c9CvXuJHi5zUm0ZA==",
      "dependencies": {
        "denque": "^2.0.1",
        "generate-function": "^2.3.1",
        "iconv-lite": "^0.6.3",
        "long": "^4.0.0",
        "lru-cache": "^6.0.0",
        "named-placeholders": "^1.1.2",
        "seq-queue": "^0.0.5",
        "sqlstring": "^2.3.2"
      },
      "engines": {
        "node": ">= 8.0"
      }
    },
    "node_modules/named-placeholders": {
      "version": "1.1.3",
      "resolved": "https://registry.npmjs.org/named-placeholders/-/named-placeholders-1.1.3.tgz",
      "integrity": "sha512-eLoBxg6wE/rZkJPhU/xRX1WTpkFEwDJEN96oxFrTsqBdbT5ec295Q+CoHrL9IT0DipqKhmGcaZmwOt8OON5x1w==",
      "dependencies": {
        "lru-cache": "^7.14.1"
      },
      "engines": {
        "node": ">=12.0.0"
      }
    },
    "node_modules/named-placeholders/node_modules/lru-cache": {
      "version": "7.18.3",
      "resolved": "https://registry.npmjs.org/lru-cache/-/lru-cache-7.18.3.tgz",
      "integrity": "sha512-jumlc0BIUrS3qJGgIkWZsyfAM7NCWiBcCDhnd+3NNM5KbBmLTgHVfWBcg6W+rLUsIpzpERPsvwUP7CckAQSOoA==",
      "engines": {
        "node": ">=12"
      }
    },
    "node_modules/path-to-regexp": {
      "version": "6.3.0",
      "resolved": "https://registry.npmjs.org/path-to-regexp/-/path-to-regexp-6.3.0.tgz",
      "integrity": "sha512-Yhpw4T9C6hPpgPeA28us07OJeqZ5EzQTkbfwuhsUg0c237RomFoETJgmp2sa3F/41gfLE6G5cqcYwznmeEeOlQ==",
      "license": "MIT"
    },
    "node_modules/safer-buffer": {
      "version": "2.1.2",
      "resolved": "https://registry.npmjs.org/safer-buffer/-/safer-buffer-2.1.2.tgz",
      "integrity": "sha512-YZo3K82SD7Riyi0E1EQPojLz7kpepnSQI9IyPbHHg1XXXevb5dJI7tpyN2ADxGcQbHG7vcyRHk0cbwqcQriUtg=="
    },
    "node_modules/seq-queue": {
      "version": "0.0.5",
      "resolved": "https://registry.npmjs.org/seq-queue/-/seq-queue-0.0.5.tgz",
      "integrity": "sha512-hr3Wtp/GZIc/6DAGPDcV4/9WoZhjrkXsi5B/07QgX8tsdc6ilr7BFM6PM6rbdAX1kFSDYeZGLipIZZKyQP0O5Q=="
    },
    "node_modules/sqlstring": {
      "version": "2.3.3",
      "resolved": "https://registry.npmjs.org/sqlstring/-/sqlstring-2.3.3.tgz",
      "integrity": "sha512-qC9iz2FlN7DQl3+wjwn3802RTyjCx7sDvfQEXchwa6CWOx07/WVfh91gBmQ9fahw8snwGEWU3xGzOt4tFyHLxg==",
      "engines": {
        "node": ">= 0.6"
      }
    },
    "node_modules/yallist": {
      "version": "4.0.0",
      "resolved": "https://registry.npmjs.org/yallist/-/yallist-4.0.0.tgz",
      "integrity": "sha512-3wdGidZyq5PB084XLES5TpOSRA3wjXAlIWMhum2kRcv/41Sn2emQ0dycQW4uZXLejwKvg6EsvbdlVL+FYEct7A=="
    }
  }
}
